// !$*UTF8*$!
{
	archiveVersion = 1;
	classes = {
	};
	objectVersion = 56;
	objects = {

/* Begin PBXBuildFile section */
		0BC364AD2AE28833001D6212 /* SocialMediaAppApp.swift in Sources */ = {isa = PBXBuildFile; fileRef = 0BC364AC2AE28833001D6212 /* SocialMediaAppApp.swift */; };
		0BC364AF2AE28833001D6212 /* MainView.swift in Sources */ = {isa = PBXBuildFile; fileRef = 0BC364AE2AE28833001D6212 /* MainView.swift */; };
		0BC364B12AE28835001D6212 /* Assets.xcassets in Resources */ = {isa = PBXBuildFile; fileRef = 0BC364B02AE28835001D6212 /* Assets.xcassets */; };
		0BC364B42AE28835001D6212 /* Preview Assets.xcassets in Resources */ = {isa = PBXBuildFile; fileRef = 0BC364B32AE28835001D6212 /* Preview Assets.xcassets */; };
		0BC364BE2AE288BB001D6212 /* LoginView.swift in Sources */ = {isa = PBXBuildFile; fileRef = 0BC364BD2AE288BB001D6212 /* LoginView.swift */; };
		0BC364C02AE29063001D6212 /* ImagePicker.swift in Sources */ = {isa = PBXBuildFile; fileRef = 0BC364BF2AE29063001D6212 /* ImagePicker.swift */; };
		0BC364C32AE35597001D6212 /* FirebaseAnalytics in Frameworks */ = {isa = PBXBuildFile; productRef = 0BC364C22AE35597001D6212 /* FirebaseAnalytics */; };
		0BC364C52AE35597001D6212 /* FirebaseAnalyticsOnDeviceConversion in Frameworks */ = {isa = PBXBuildFile; productRef = 0BC364C42AE35597001D6212 /* FirebaseAnalyticsOnDeviceConversion */; };
		0BC364C72AE35597001D6212 /* FirebaseAnalyticsSwift in Frameworks */ = {isa = PBXBuildFile; productRef = 0BC364C62AE35597001D6212 /* FirebaseAnalyticsSwift */; };
		0BC364C92AE35597001D6212 /* FirebaseAnalyticsWithoutAdIdSupport in Frameworks */ = {isa = PBXBuildFile; productRef = 0BC364C82AE35597001D6212 /* FirebaseAnalyticsWithoutAdIdSupport */; };
		0BC364CB2AE35597001D6212 /* FirebaseAppCheck in Frameworks */ = {isa = PBXBuildFile; productRef = 0BC364CA2AE35597001D6212 /* FirebaseAppCheck */; };
/* End PBXBuildFile section */

/* Begin PBXFileReference section */
		0BC364A92AE28833001D6212 /* SocialMediaApp.app */ = {isa = PBXFileReference; explicitFileType = wrapper.application; includeInIndex = 0; path = SocialMediaApp.app; sourceTree = BUILT_PRODUCTS_DIR; };
		0BC364AC2AE28833001D6212 /* SocialMediaAppApp.swift */ = {isa = PBXFileReference; lastKnownFileType = sourcecode.swift; path = SocialMediaAppApp.swift; sourceTree = "<group>"; };
		0BC364AE2AE28833001D6212 /* MainView.swift */ = {isa = PBXFileReference; lastKnownFileType = sourcecode.swift; path = MainView.swift; sourceTree = "<group>"; };
		0BC364B02AE28835001D6212 /* Assets.xcassets */ = {isa = PBXFileReference; lastKnownFileType = folder.assetcatalog; path = Assets.xcassets; sourceTree = "<group>"; };
		0BC364B32AE28835001D6212 /* Preview Assets.xcassets */ = {isa = PBXFileReference; lastKnownFileType = folder.assetcatalog; path = "Preview Assets.xcassets"; sourceTree = "<group>"; };
		0BC364BD2AE288BB001D6212 /* LoginView.swift */ = {isa = PBXFileReference; lastKnownFileType = sourcecode.swift; path = LoginView.swift; sourceTree = "<group>"; };
		0BC364BF2AE29063001D6212 /* ImagePicker.swift */ = {isa = PBXFileReference; lastKnownFileType = sourcecode.swift; path = ImagePicker.swift; sourceTree = "<group>"; };
/* End PBXFileReference section */

/* Begin PBXFrameworksBuildPhase section */
		0BC364A62AE28833001D6212 /* Frameworks */ = {
			isa = PBXFrameworksBuildPhase;
			buildActionMask = 2147483647;
			files = (
				0BC364C72AE35597001D6212 /* FirebaseAnalyticsSwift in Frameworks */,
				0BC364C32AE35597001D6212 /* FirebaseAnalytics in Frameworks */,
				0BC364C52AE35597001D6212 /* FirebaseAnalyticsOnDeviceConversion in Frameworks */,
				0BC364CB2AE35597001D6212 /* FirebaseAppCheck in Frameworks */,
				0BC364C92AE35597001D6212 /* FirebaseAnalyticsWithoutAdIdSupport in Frameworks */,
			);
			runOnlyForDeploymentPostprocessing = 0;
		};
/* End PBXFrameworksBuildPhase section */

/* Begin PBXGroup section */
		0BC364A02AE28832001D6212 = {
			isa = PBXGroup;
			children = (
				0BC364AB2AE28833001D6212 /* SocialMediaApp */,
				0BC364AA2AE28833001D6212 /* Products */,
			);
			sourceTree = "<group>";
		};
		0BC364AA2AE28833001D6212 /* Products */ = {
			isa = PBXGroup;
			children = (
				0BC364A92AE28833001D6212 /* SocialMediaApp.app */,
			);
			name = Products;
			sourceTree = "<group>";
		};
		0BC364AB2AE28833001D6212 /* SocialMediaApp */ = {
			isa = PBXGroup;
			children = (
				0BC364AC2AE28833001D6212 /* SocialMediaAppApp.swift */,
				0BC364BB2AE2884E001D6212 /* Utilities */,
				0BC364BC2AE28863001D6212 /* Models */,
				0BC364BA2AE28845001D6212 /* Views */,
				0BC364B02AE28835001D6212 /* Assets.xcassets */,
				0BC364B22AE28835001D6212 /* Preview Content */,
			);
			path = SocialMediaApp;
			sourceTree = "<group>";
		};
		0BC364B22AE28835001D6212 /* Preview Content */ = {
			isa = PBXGroup;
			children = (
				0BC364B32AE28835001D6212 /* Preview Assets.xcassets */,
			);
			path = "Preview Content";
			sourceTree = "<group>";
		};
		0BC364BA2AE28845001D6212 /* Views */ = {
			isa = PBXGroup;
			children = (
				0BC364AE2AE28833001D6212 /* MainView.swift */,
				0BC364BD2AE288BB001D6212 /* LoginView.swift */,
			);
			path = Views;
			sourceTree = "<group>";
		};
		0BC364BB2AE2884E001D6212 /* Utilities */ = {
			isa = PBXGroup;
			children = (
				0BC364BF2AE29063001D6212 /* ImagePicker.swift */,
			);
			path = Utilities;
			sourceTree = "<group>";
		};
		0BC364BC2AE28863001D6212 /* Models */ = {
			isa = PBXGroup;
			children = (
			);
			path = Models;
			sourceTree = "<group>";
		};
/* End PBXGroup section */

/* Begin PBXNativeTarget section */
		0BC364A82AE28833001D6212 /* SocialMediaApp */ = {
			isa = PBXNativeTarget;
			buildConfigurationList = 0BC364B72AE28835001D6212 /* Build configuration list for PBXNativeTarget "SocialMediaApp" */;
			buildPhases = (
				0BC364A52AE28833001D6212 /* Sources */,
				0BC364A62AE28833001D6212 /* Frameworks */,
				0BC364A72AE28833001D6212 /* Resources */,
			);
			buildRules = (
			);
			dependencies = (
			);
			name = SocialMediaApp;
			packageProductDependencies = (
				0BC364C22AE35597001D6212 /* FirebaseAnalytics */,
				0BC364C42AE35597001D6212 /* FirebaseAnalyticsOnDeviceConversion */,
				0BC364C62AE35597001D6212 /* FirebaseAnalyticsSwift */,
				0BC364C82AE35597001D6212 /* FirebaseAnalyticsWithoutAdIdSupport */,
				0BC364CA2AE35597001D6212 /* FirebaseAppCheck */,
			);
			productName = SocialMediaApp;
			productReference = 0BC364A92AE28833001D6212 /* SocialMediaApp.app */;
			productType = "com.apple.product-type.application";
		};
/* End PBXNativeTarget section */

/* Begin PBXProject section */
		0BC364A12AE28832001D6212 /* Project object */ = {
			isa = PBXProject;
			attributes = {
				BuildIndependentTargetsInParallel = 1;
				LastSwiftUpdateCheck = 1500;
				LastUpgradeCheck = 1500;
				TargetAttributes = {
					0BC364A82AE28833001D6212 = {
						CreatedOnToolsVersion = 15.0;
					};
				};
			};
			buildConfigurationList = 0BC364A42AE28832001D6212 /* Build configuration list for PBXProject "SocialMediaApp" */;
			compatibilityVersion = "Xcode 14.0";
			developmentRegion = en;
			hasScannedForEncodings = 0;
			knownRegions = (
				en,
				Base,
			);
			mainGroup = 0BC364A02AE28832001D6212;
			packageReferences = (
				0BC364C12AE35597001D6212 /* XCRemoteSwiftPackageReference "firebase-ios-sdk" */,
			);
			productRefGroup = 0BC364AA2AE28833001D6212 /* Products */;
			projectDirPath = "";
			projectRoot = "";
			targets = (
				0BC364A82AE28833001D6212 /* SocialMediaApp */,
			);
		};
/* End PBXProject section */

/* Begin PBXResourcesBuildPhase section */
		0BC364A72AE28833001D6212 /* Resources */ = {
			isa = PBXResourcesBuildPhase;
			buildActionMask = 2147483647;
			files = (
				0BC364B42AE28835001D6212 /* Preview Assets.xcassets in Resources */,
				0BC364B12AE28835001D6212 /* Assets.xcassets in Resources */,
			);
			runOnlyForDeploymentPostprocessing = 0;
		};
/* End PBXResourcesBuildPhase section */

/* Begin PBXSourcesBuildPhase section */
		0BC364A52AE28833001D6212 /* Sources */ = {
			isa = PBXSourcesBuildPhase;
			buildActionMask = 2147483647;
			files = (
				0BC364BE2AE288BB001D6212 /* LoginView.swift in Sources */,
				0BC364C02AE29063001D6212 /* ImagePicker.swift in Sources */,
				0BC364AF2AE28833001D6212 /* MainView.swift in Sources */,
				0BC364AD2AE28833001D6212 /* SocialMediaAppApp.swift in Sources */,
			);
			runOnlyForDeploymentPostprocessing = 0;
		};
/* End PBXSourcesBuildPhase section */

/* Begin XCBuildConfiguration section */
		0BC364B52AE28835001D6212 /* Debug */ = {
			isa = XCBuildConfiguration;
			buildSettings = {
				ALWAYS_SEARCH_USER_PATHS = NO;
				ASSETCATALOG_COMPILER_GENERATE_SWIFT_ASSET_SYMBOL_EXTENSIONS = YES;
				CLANG_ANALYZER_NONNULL = YES;
				CLANG_ANALYZER_NUMBER_OBJECT_CONVERSION = YES_AGGRESSIVE;
				CLANG_CXX_LANGUAGE_STANDARD = "gnu++20";
				CLANG_ENABLE_MODULES = YES;
				CLANG_ENABLE_OBJC_ARC = YES;
				CLANG_ENABLE_OBJC_WEAK = YES;
				CLANG_WARN_BLOCK_CAPTURE_AUTORELEASING = YES;
				CLANG_WARN_BOOL_CONVERSION = YES;
				CLANG_WARN_COMMA = YES;
				CLANG_WARN_CONSTANT_CONVERSION = YES;
				CLANG_WARN_DEPRECATED_OBJC_IMPLEMENTATIONS = YES;
				CLANG_WARN_DIRECT_OBJC_ISA_USAGE = YES_ERROR;
				CLANG_WARN_DOCUMENTATION_COMMENTS = YES;
				CLANG_WARN_EMPTY_BODY = YES;
				CLANG_WARN_ENUM_CONVERSION = YES;
				CLANG_WARN_INFINITE_RECURSION = YES;
				CLANG_WARN_INT_CONVERSION = YES;
				CLANG_WARN_NON_LITERAL_NULL_CONVERSION = YES;
				CLANG_WARN_OBJC_IMPLICIT_RETAIN_SELF = YES;
				CLANG_WARN_OBJC_LITERAL_CONVERSION = YES;
				CLANG_WARN_OBJC_ROOT_CLASS = YES_ERROR;
				CLANG_WARN_QUOTED_INCLUDE_IN_FRAMEWORK_HEADER = YES;
				CLANG_WARN_RANGE_LOOP_ANALYSIS = YES;
				CLANG_WARN_STRICT_PROTOTYPES = YES;
				CLANG_WARN_SUSPICIOUS_MOVE = YES;
				CLANG_WARN_UNGUARDED_AVAILABILITY = YES_AGGRESSIVE;
				CLANG_WARN_UNREACHABLE_CODE = YES;
				CLANG_WARN__DUPLICATE_METHOD_MATCH = YES;
				COPY_PHASE_STRIP = NO;
				DEBUG_INFORMATION_FORMAT = dwarf;
				ENABLE_STRICT_OBJC_MSGSEND = YES;
				ENABLE_TESTABILITY = YES;
				ENABLE_USER_SCRIPT_SANDBOXING = YES;
				GCC_C_LANGUAGE_STANDARD = gnu17;
				GCC_DYNAMIC_NO_PIC = NO;
				GCC_NO_COMMON_BLOCKS = YES;
				GCC_OPTIMIZATION_LEVEL = 0;
				GCC_PREPROCESSOR_DEFINITIONS = (
					"DEBUG=1",
					"$(inherited)",
				);
				GCC_WARN_64_TO_32_BIT_CONVERSION = YES;
				GCC_WARN_ABOUT_RETURN_TYPE = YES_ERROR;
				GCC_WARN_UNDECLARED_SELECTOR = YES;
				GCC_WARN_UNINITIALIZED_AUTOS = YES_AGGRESSIVE;
				GCC_WARN_UNUSED_FUNCTION = YES;
				GCC_WARN_UNUSED_VARIABLE = YES;
				IPHONEOS_DEPLOYMENT_TARGET = 17.0;
				LOCALIZATION_PREFERS_STRING_CATALOGS = YES;
				MTL_ENABLE_DEBUG_INFO = INCLUDE_SOURCE;
				MTL_FAST_MATH = YES;
				ONLY_ACTIVE_ARCH = YES;
				SDKROOT = iphoneos;
				SWIFT_ACTIVE_COMPILATION_CONDITIONS = "DEBUG $(inherited)";
				SWIFT_OPTIMIZATION_LEVEL = "-Onone";
			};
			name = Debug;
		};
		0BC364B62AE28835001D6212 /* Release */ = {
			isa = XCBuildConfiguration;
			buildSettings = {
				ALWAYS_SEARCH_USER_PATHS = NO;
				ASSETCATALOG_COMPILER_GENERATE_SWIFT_ASSET_SYMBOL_EXTENSIONS = YES;
				CLANG_ANALYZER_NONNULL = YES;
				CLANG_ANALYZER_NUMBER_OBJECT_CONVERSION = YES_AGGRESSIVE;
				CLANG_CXX_LANGUAGE_STANDARD = "gnu++20";
				CLANG_ENABLE_MODULES = YES;
				CLANG_ENABLE_OBJC_ARC = YES;
				CLANG_ENABLE_OBJC_WEAK = YES;
				CLANG_WARN_BLOCK_CAPTURE_AUTORELEASING = YES;
				CLANG_WARN_BOOL_CONVERSION = YES;
				CLANG_WARN_COMMA = YES;
				CLANG_WARN_CONSTANT_CONVERSION = YES;
				CLANG_WARN_DEPRECATED_OBJC_IMPLEMENTATIONS = YES;
				CLANG_WARN_DIRECT_OBJC_ISA_USAGE = YES_ERROR;
				CLANG_WARN_DOCUMENTATION_COMMENTS = YES;
				CLANG_WARN_EMPTY_BODY = YES;
				CLANG_WARN_ENUM_CONVERSION = YES;
				CLANG_WARN_INFINITE_RECURSION = YES;
				CLANG_WARN_INT_CONVERSION = YES;
				CLANG_WARN_NON_LITERAL_NULL_CONVERSION = YES;
				CLANG_WARN_OBJC_IMPLICIT_RETAIN_SELF = YES;
				CLANG_WARN_OBJC_LITERAL_CONVERSION = YES;
				CLANG_WARN_OBJC_ROOT_CLASS = YES_ERROR;
				CLANG_WARN_QUOTED_INCLUDE_IN_FRAMEWORK_HEADER = YES;
				CLANG_WARN_RANGE_LOOP_ANALYSIS = YES;
				CLANG_WARN_STRICT_PROTOTYPES = YES;
				CLANG_WARN_SUSPICIOUS_MOVE = YES;
				CLANG_WARN_UNGUARDED_AVAILABILITY = YES_AGGRESSIVE;
				CLANG_WARN_UNREACHABLE_CODE = YES;
				CLANG_WARN__DUPLICATE_METHOD_MATCH = YES;
				COPY_PHASE_STRIP = NO;
				DEBUG_INFORMATION_FORMAT = "dwarf-with-dsym";
				ENABLE_NS_ASSERTIONS = NO;
				ENABLE_STRICT_OBJC_MSGSEND = YES;
				ENABLE_USER_SCRIPT_SANDBOXING = YES;
				GCC_C_LANGUAGE_STANDARD = gnu17;
				GCC_NO_COMMON_BLOCKS = YES;
				GCC_WARN_64_TO_32_BIT_CONVERSION = YES;
				GCC_WARN_ABOUT_RETURN_TYPE = YES_ERROR;
				GCC_WARN_UNDECLARED_SELECTOR = YES;
				GCC_WARN_UNINITIALIZED_AUTOS = YES_AGGRESSIVE;
				GCC_WARN_UNUSED_FUNCTION = YES;
				GCC_WARN_UNUSED_VARIABLE = YES;
				IPHONEOS_DEPLOYMENT_TARGET = 17.0;
				LOCALIZATION_PREFERS_STRING_CATALOGS = YES;
				MTL_ENABLE_DEBUG_INFO = NO;
				MTL_FAST_MATH = YES;
				SDKROOT = iphoneos;
				SWIFT_COMPILATION_MODE = wholemodule;
				VALIDATE_PRODUCT = YES;
			};
			name = Release;
		};
		0BC364B82AE28835001D6212 /* Debug */ = {
			isa = XCBuildConfiguration;
			buildSettings = {
				ASSETCATALOG_COMPILER_APPICON_NAME = AppIcon;
				ASSETCATALOG_COMPILER_GLOBAL_ACCENT_COLOR_NAME = AccentColor;
				CODE_SIGN_STYLE = Automatic;
				CURRENT_PROJECT_VERSION = 1;
				DEVELOPMENT_ASSET_PATHS = "\"SocialMediaApp/Preview Content\"";
				DEVELOPMENT_TEAM = 972SSN6428;
				ENABLE_PREVIEWS = YES;
				GENERATE_INFOPLIST_FILE = YES;
				INFOPLIST_KEY_UIApplicationSceneManifest_Generation = YES;
				INFOPLIST_KEY_UIApplicationSupportsIndirectInputEvents = YES;
				INFOPLIST_KEY_UILaunchScreen_Generation = YES;
				INFOPLIST_KEY_UISupportedInterfaceOrientations_iPad = "UIInterfaceOrientationPortrait UIInterfaceOrientationPortraitUpsideDown UIInterfaceOrientationLandscapeLeft UIInterfaceOrientationLandscapeRight";
				INFOPLIST_KEY_UISupportedInterfaceOrientations_iPhone = "UIInterfaceOrientationPortrait UIInterfaceOrientationLandscapeLeft UIInterfaceOrientationLandscapeRight";
				LD_RUNPATH_SEARCH_PATHS = (
					"$(inherited)",
					"@executable_path/Frameworks",
				);
				MARKETING_VERSION = 1.0;
				PRODUCT_BUNDLE_IDENTIFIER = com.marceloamaral.SocialMediaApp;
				PRODUCT_NAME = "$(TARGET_NAME)";
				SWIFT_EMIT_LOC_STRINGS = YES;
				SWIFT_VERSION = 5.0;
				TARGETED_DEVICE_FAMILY = "1,2";
			};
			name = Debug;
		};
		0BC364B92AE28835001D6212 /* Release */ = {
			isa = XCBuildConfiguration;
			buildSettings = {
				ASSETCATALOG_COMPILER_APPICON_NAME = AppIcon;
				ASSETCATALOG_COMPILER_GLOBAL_ACCENT_COLOR_NAME = AccentColor;
				CODE_SIGN_STYLE = Automatic;
				CURRENT_PROJECT_VERSION = 1;
				DEVELOPMENT_ASSET_PATHS = "\"SocialMediaApp/Preview Content\"";
				DEVELOPMENT_TEAM = 972SSN6428;
				ENABLE_PREVIEWS = YES;
				GENERATE_INFOPLIST_FILE = YES;
				INFOPLIST_KEY_UIApplicationSceneManifest_Generation = YES;
				INFOPLIST_KEY_UIApplicationSupportsIndirectInputEvents = YES;
				INFOPLIST_KEY_UILaunchScreen_Generation = YES;
				INFOPLIST_KEY_UISupportedInterfaceOrientations_iPad = "UIInterfaceOrientationPortrait UIInterfaceOrientationPortraitUpsideDown UIInterfaceOrientationLandscapeLeft UIInterfaceOrientationLandscapeRight";
				INFOPLIST_KEY_UISupportedInterfaceOrientations_iPhone = "UIInterfaceOrientationPortrait UIInterfaceOrientationLandscapeLeft UIInterfaceOrientationLandscapeRight";
				LD_RUNPATH_SEARCH_PATHS = (
					"$(inherited)",
					"@executable_path/Frameworks",
				);
				MARKETING_VERSION = 1.0;
				PRODUCT_BUNDLE_IDENTIFIER = com.marceloamaral.SocialMediaApp;
				PRODUCT_NAME = "$(TARGET_NAME)";
				SWIFT_EMIT_LOC_STRINGS = YES;
				SWIFT_VERSION = 5.0;
				TARGETED_DEVICE_FAMILY = "1,2";
			};
			name = Release;
		};
/* End XCBuildConfiguration section */

/* Begin XCConfigurationList section */
		0BC364A42AE28832001D6212 /* Build configuration list for PBXProject "SocialMediaApp" */ = {
			isa = XCConfigurationList;
			buildConfigurations = (
				0BC364B52AE28835001D6212 /* Debug */,
				0BC364B62AE28835001D6212 /* Release */,
			);
			defaultConfigurationIsVisible = 0;
			defaultConfigurationName = Release;
		};
		0BC364B72AE28835001D6212 /* Build configuration list for PBXNativeTarget "SocialMediaApp" */ = {
			isa = XCConfigurationList;
			buildConfigurations = (
				0BC364B82AE28835001D6212 /* Debug */,
				0BC364B92AE28835001D6212 /* Release */,
			);
			defaultConfigurationIsVisible = 0;
			defaultConfigurationName = Release;
		};
/* End XCConfigurationList section */

/* Begin XCRemoteSwiftPackageReference section */
		0BC364C12AE35597001D6212 /* XCRemoteSwiftPackageReference "firebase-ios-sdk" */ = {
			isa = XCRemoteSwiftPackageReference;
			repositoryURL = "https://github.com/firebase/firebase-ios-sdk";
			requirement = {
				kind = upToNextMajorVersion;
				minimumVersion = 10.16.0;
			};
		};
/* End XCRemoteSwiftPackageReference section */

/* Begin XCSwiftPackageProductDependency section */
		0BC364C22AE35597001D6212 /* FirebaseAnalytics */ = {
			isa = XCSwiftPackageProductDependency;
			package = 0BC364C12AE35597001D6212 /* XCRemoteSwiftPackageReference "firebase-ios-sdk" */;
			productName = FirebaseAnalytics;
		};
		0BC364C42AE35597001D6212 /* FirebaseAnalyticsOnDeviceConversion */ = {
			isa = XCSwiftPackageProductDependency;
			package = 0BC364C12AE35597001D6212 /* XCRemoteSwiftPackageReference "firebase-ios-sdk" */;
			productName = FirebaseAnalyticsOnDeviceConversion;
		};
		0BC364C62AE35597001D6212 /* FirebaseAnalyticsSwift */ = {
			isa = XCSwiftPackageProductDependency;
			package = 0BC364C12AE35597001D6212 /* XCRemoteSwiftPackageReference "firebase-ios-sdk" */;
			productName = FirebaseAnalyticsSwift;
		};
		0BC364C82AE35597001D6212 /* FirebaseAnalyticsWithoutAdIdSupport */ = {
			isa = XCSwiftPackageProductDependency;
			package = 0BC364C12AE35597001D6212 /* XCRemoteSwiftPackageReference "firebase-ios-sdk" */;
			productName = FirebaseAnalyticsWithoutAdIdSupport;
		};
		0BC364CA2AE35597001D6212 /* FirebaseAppCheck */ = {
			isa = XCSwiftPackageProductDependency;
			package = 0BC364C12AE35597001D6212 /* XCRemoteSwiftPackageReference "firebase-ios-sdk" */;
			productName = FirebaseAppCheck;
		};
/* End XCSwiftPackageProductDependency section */
	};
	rootObject = 0BC364A12AE28832001D6212 /* Project object */;
}
